
Microsoft Visual Studio Solution File, Format Version 12.00
# Visual Studio Version 16
VisualStudioVersion = 16.0.31424.327
MinimumVisualStudioVersion = 10.0.40219.1
Project("{FAE04EC0-301F-11D3-BF4B-00C04F79EFBC}") = "Delegates", "Delegates.csproj", "{1069B904-9865-4322-BB38-1A4B28B58FA8}"
EndProject
Global
	GlobalSection(SolutionConfigurationPlatforms) = preSolution
		Debug|Any CPU = Debug|Any CPU
		Release|Any CPU = Release|Any CPU
	EndGlobalSection
	GlobalSection(ProjectConfigurationPlatforms) = postSolution
		{1069B904-9865-4322-BB38-1A4B28B58FA8}.Debug|Any CPU.ActiveCfg = Debug|Any CPU
		{1069B904-9865-4322-BB38-1A4B28B58FA8}.Debug|Any CPU.Build.0 = Debug|Any CPU
		{1069B904-9865-4322-BB38-1A4B28B58FA8}.Release|Any CPU.ActiveCfg = Release|Any CPU
		{1069B904-9865-4322-BB38-1A4B28B58FA8}.Release|Any CPU.Build.0 = Release|Any CPU
	EndGlobalSection
	GlobalSection(SolutionProperties) = preSolution
		HideSolutionNode = FALSE
	EndGlobalSection
	GlobalSection(ExtensibilityGlobals) = postSolution
		SolutionGuid = {C3AA42E7-76C5-4126-9B45-11D36A5E7B1B}
	EndGlobalSection
EndGlobal
